
Microsoft Visual Studio Solution File, Format Version 12.00
# Visual Studio 15
VisualStudioVersion = 15.0.27130.2036
MinimumVisualStudioVersion = 10.0.40219.1
Project("{8BC9CEB8-8B4A-11D0-8D11-00A0C91BC942}") = "GraphicsEngine", "GraphicsEngine\GraphicsEngine.vcxproj", "{FDBC577D-AA88-4372-91E6-E532F1EEE314}"
	ProjectSection(ProjectDependencies) = postProject
		{9A979336-BC57-4582-9E86-AF5BAF84D37B} = {9A979336-BC57-4582-9E86-AF5BAF84D37B}
	EndProjectSection
EndProject
Project("{8BC9CEB8-8B4A-11D0-8D11-00A0C91BC942}") = "glfw3", "glfw3\glfw3.vcxproj", "{9A979336-BC57-4582-9E86-AF5BAF84D37B}"
EndProject
Global
	GlobalSection(SolutionConfigurationPlatforms) = preSolution
		Debug|x64 = Debug|x64
		Debug|x86 = Debug|x86
		Release|x64 = Release|x64
		Release|x86 = Release|x86
	EndGlobalSection
	GlobalSection(ProjectConfigurationPlatforms) = postSolution
		{FDBC577D-AA88-4372-91E6-E532F1EEE314}.Debug|x64.ActiveCfg = Debug|x64
		{FDBC577D-AA88-4372-91E6-E532F1EEE314}.Debug|x64.Build.0 = Debug|x64
		{FDBC577D-AA88-4372-91E6-E532F1EEE314}.Debug|x86.ActiveCfg = Debug|Win32
		{FDBC577D-AA88-4372-91E6-E532F1EEE314}.Debug|x86.Build.0 = Debug|Win32
		{FDBC577D-AA88-4372-91E6-E532F1EEE314}.Release|x64.ActiveCfg = Release|x64
		{FDBC577D-AA88-4372-91E6-E532F1EEE314}.Release|x64.Build.0 = Release|x64
		{FDBC577D-AA88-4372-91E6-E532F1EEE314}.Release|x86.ActiveCfg = Release|Win32
		{FDBC577D-AA88-4372-91E6-E532F1EEE314}.Release|x86.Build.0 = Release|Win32
		{9A979336-BC57-4582-9E86-AF5BAF84D37B}.Debug|x64.ActiveCfg = Debug|x64
		{9A979336-BC57-4582-9E86-AF5BAF84D37B}.Debug|x64.Build.0 = Debug|x64
		{9A979336-BC57-4582-9E86-AF5BAF84D37B}.Debug|x86.ActiveCfg = Debug|Win32
		{9A979336-BC57-4582-9E86-AF5BAF84D37B}.Debug|x86.Build.0 = Debug|Win32
		{9A979336-BC57-4582-9E86-AF5BAF84D37B}.Release|x64.ActiveCfg = Release|x64
		{9A979336-BC57-4582-9E86-AF5BAF84D37B}.Release|x64.Build.0 = Release|x64
		{9A979336-BC57-4582-9E86-AF5BAF84D37B}.Release|x86.ActiveCfg = Release|Win32
		{9A979336-BC57-4582-9E86-AF5BAF84D37B}.Release|x86.Build.0 = Release|Win32
	EndGlobalSection
	GlobalSection(SolutionProperties) = preSolution
		HideSolutionNode = FALSE
	EndGlobalSection
	GlobalSection(ExtensibilityGlobals) = postSolution
		SolutionGuid = {036D2130-C66D-4B6F-8B2B-CD954A92E811}
	EndGlobalSection
EndGlobal
